
Microsoft Visual Studio Solution File, Format Version 12.00
# Visual Studio Version 17
VisualStudioVersion = 17.11.35222.181
MinimumVisualStudioVersion = 10.0.40219.1
Project("{FAE04EC0-301F-11D3-BF4B-00C04F79EFBC}") = "thanhcuc_0331", "thanhcuc_0331\thanhcuc_0331.csproj", "{3E8C9E69-7CAF-4E85-9CCE-1A14CD492234}"
EndProject
Global
	GlobalSection(SolutionConfigurationPlatforms) = preSolution
		Debug|Any CPU = Debug|Any CPU
		Release|Any CPU = Release|Any CPU
	EndGlobalSection
	GlobalSection(ProjectConfigurationPlatforms) = postSolution
		{3E8C9E69-7CAF-4E85-9CCE-1A14CD492234}.Debug|Any CPU.ActiveCfg = Debug|Any CPU
		{3E8C9E69-7CAF-4E85-9CCE-1A14CD492234}.Debug|Any CPU.Build.0 = Debug|Any CPU
		{3E8C9E69-7CAF-4E85-9CCE-1A14CD492234}.Release|Any CPU.ActiveCfg = Release|Any CPU
		{3E8C9E69-7CAF-4E85-9CCE-1A14CD492234}.Release|Any CPU.Build.0 = Release|Any CPU
	EndGlobalSection
	GlobalSection(SolutionProperties) = preSolution
		HideSolutionNode = FALSE
	EndGlobalSection
	GlobalSection(ExtensibilityGlobals) = postSolution
		SolutionGuid = {4F83E671-21C6-4FC5-B0EC-F27B214E9C89}
	EndGlobalSection
EndGlobal
